// !$*UTF8*$!
{
	archiveVersion = 1;
	classes = {
	};
	objectVersion = 52;
	objects = {

/* Begin PBXBuildFile section */
		EA90C36C2C32B07F008E3B53 /* AuthApplicationApp.swift in Sources */ = {isa = PBXBuildFile; fileRef = EA90C36B2C32B07F008E3B53 /* AuthApplicationApp.swift */; };
		EA90C3702C32B082008E3B53 /* Assets.xcassets in Resources */ = {isa = PBXBuildFile; fileRef = EA90C36F2C32B082008E3B53 /* Assets.xcassets */; };
		EA90C3732C32B082008E3B53 /* Preview Assets.xcassets in Resources */ = {isa = PBXBuildFile; fileRef = EA90C3722C32B082008E3B53 /* Preview Assets.xcassets */; };
		EA90C37E2C32B083008E3B53 /* AuthApplicationTests.swift in Sources */ = {isa = PBXBuildFile; fileRef = EA90C37D2C32B083008E3B53 /* AuthApplicationTests.swift */; };
		EA90C3892C32B083008E3B53 /* AuthApplicationUITests.swift in Sources */ = {isa = PBXBuildFile; fileRef = EA90C3882C32B083008E3B53 /* AuthApplicationUITests.swift */; };
		EA90C3982C32B2AD008E3B53 /* AuthScreen.swift in Sources */ = {isa = PBXBuildFile; fileRef = EA90C3972C32B2AD008E3B53 /* AuthScreen.swift */; };
		EA90C39B2C32B2F4008E3B53 /* LoginView.swift in Sources */ = {isa = PBXBuildFile; fileRef = EA90C39A2C32B2F4008E3B53 /* LoginView.swift */; };
		EA90C39D2C32B30D008E3B53 /* SignUpView.swift in Sources */ = {isa = PBXBuildFile; fileRef = EA90C39C2C32B30D008E3B53 /* SignUpView.swift */; };
		EA90C39F2C32B324008E3B53 /* GoogleSignInView.swift in Sources */ = {isa = PBXBuildFile; fileRef = EA90C39E2C32B324008E3B53 /* GoogleSignInView.swift */; };
		EA90C3A22C32B35F008E3B53 /* HomeScreen.swift in Sources */ = {isa = PBXBuildFile; fileRef = EA90C3A12C32B35F008E3B53 /* HomeScreen.swift */; };
		EA90C3A62C32B9D0008E3B53 /* AuthScreenModel.swift in Sources */ = {isa = PBXBuildFile; fileRef = EA90C3A52C32B9D0008E3B53 /* AuthScreenModel.swift */; };
		EA90C3A82C32BA3F008E3B53 /* LoginViewModel.swift in Sources */ = {isa = PBXBuildFile; fileRef = EA90C3A72C32BA3F008E3B53 /* LoginViewModel.swift */; };
		EA90C3AA2C32BAF8008E3B53 /* ScreenResetHandler.swift in Sources */ = {isa = PBXBuildFile; fileRef = EA90C3A92C32BAF8008E3B53 /* ScreenResetHandler.swift */; };
		EA90C3AC2C32BFB9008E3B53 /* SignUpViewModel.swift in Sources */ = {isa = PBXBuildFile; fileRef = EA90C3AB2C32BFB9008E3B53 /* SignUpViewModel.swift */; };
		EA90C3AF2C32C13A008E3B53 /* AuthAction.swift in Sources */ = {isa = PBXBuildFile; fileRef = EA90C3AE2C32C13A008E3B53 /* AuthAction.swift */; };
		EA90C3B42C32C199008E3B53 /* AuthRequest.swift in Sources */ = {isa = PBXBuildFile; fileRef = EA90C3B32C32C199008E3B53 /* AuthRequest.swift */; };
		EA90C3B62C32C1CB008E3B53 /* AuthResponse.swift in Sources */ = {isa = PBXBuildFile; fileRef = EA90C3B52C32C1CB008E3B53 /* AuthResponse.swift */; };
		EA90C3B92C32C434008E3B53 /* ErrorResponse.swift in Sources */ = {isa = PBXBuildFile; fileRef = EA90C3B82C32C434008E3B53 /* ErrorResponse.swift */; };
		EA90C3BC2C33DCAF008E3B53 /* GoogleSignIn in Frameworks */ = {isa = PBXBuildFile; productRef = EA90C3BB2C33DCAF008E3B53 /* GoogleSignIn */; };
		EA90C3BE2C33DCAF008E3B53 /* GoogleSignInSwift in Frameworks */ = {isa = PBXBuildFile; productRef = EA90C3BD2C33DCAF008E3B53 /* GoogleSignInSwift */; };
		EA90C3C02C33E360008E3B53 /* ThirdPartyAuthRequest.swift in Sources */ = {isa = PBXBuildFile; fileRef = EA90C3BF2C33E360008E3B53 /* ThirdPartyAuthRequest.swift */; };
		EAB74EA62C34F21700A138F7 /* EmployeeView.swift in Sources */ = {isa = PBXBuildFile; fileRef = EAB74EA52C34F21700A138F7 /* EmployeeView.swift */; };
		EAB74EA82C34F31C00A138F7 /* EmployeeViewModel.swift in Sources */ = {isa = PBXBuildFile; fileRef = EAB74EA72C34F31C00A138F7 /* EmployeeViewModel.swift */; };
		EAB74EAA2C34F35700A138F7 /* EmployeeResponse.swift in Sources */ = {isa = PBXBuildFile; fileRef = EAB74EA92C34F35700A138F7 /* EmployeeResponse.swift */; };
		EAB74EAC2C34F92E00A138F7 /* EmployeeAction.swift in Sources */ = {isa = PBXBuildFile; fileRef = EAB74EAB2C34F92E00A138F7 /* EmployeeAction.swift */; };
		EAB74EAE2C34F9CA00A138F7 /* ApiError.swift in Sources */ = {isa = PBXBuildFile; fileRef = EAB74EAD2C34F9CA00A138F7 /* ApiError.swift */; };
		EAB74EB02C34FCEE00A138F7 /* UserClaim.swift in Sources */ = {isa = PBXBuildFile; fileRef = EAB74EAF2C34FCEE00A138F7 /* UserClaim.swift */; };
		EACD0E0A2C3446D600CD810E /* HomeScreenModel.swift in Sources */ = {isa = PBXBuildFile; fileRef = EACD0E092C3446D600CD810E /* HomeScreenModel.swift */; };
/* End PBXBuildFile section */

/* Begin PBXContainerItemProxy section */
		EA90C37A2C32B083008E3B53 /* PBXContainerItemProxy */ = {
			isa = PBXContainerItemProxy;
			containerPortal = EA90C3602C32B07F008E3B53 /* Project object */;
			proxyType = 1;
			remoteGlobalIDString = EA90C3672C32B07F008E3B53;
			remoteInfo = AuthApplication;
		};
		EA90C3852C32B083008E3B53 /* PBXContainerItemProxy */ = {
			isa = PBXContainerItemProxy;
			containerPortal = EA90C3602C32B07F008E3B53 /* Project object */;
			proxyType = 1;
			remoteGlobalIDString = EA90C3672C32B07F008E3B53;
			remoteInfo = AuthApplication;
		};
/* End PBXContainerItemProxy section */

/* Begin PBXFileReference section */
		EA90C3682C32B07F008E3B53 /* AuthApplication.app */ = {isa = PBXFileReference; explicitFileType = wrapper.application; includeInIndex = 0; path = AuthApplication.app; sourceTree = BUILT_PRODUCTS_DIR; };
		EA90C36B2C32B07F008E3B53 /* AuthApplicationApp.swift */ = {isa = PBXFileReference; lastKnownFileType = sourcecode.swift; path = AuthApplicationApp.swift; sourceTree = "<group>"; };
		EA90C36F2C32B082008E3B53 /* Assets.xcassets */ = {isa = PBXFileReference; lastKnownFileType = folder.assetcatalog; path = Assets.xcassets; sourceTree = "<group>"; };
		EA90C3722C32B082008E3B53 /* Preview Assets.xcassets */ = {isa = PBXFileReference; lastKnownFileType = folder.assetcatalog; path = "Preview Assets.xcassets"; sourceTree = "<group>"; };
		EA90C3742C32B082008E3B53 /* Info.plist */ = {isa = PBXFileReference; lastKnownFileType = text.plist.xml; path = Info.plist; sourceTree = "<group>"; };
		EA90C3792C32B083008E3B53 /* AuthApplicationTests.xctest */ = {isa = PBXFileReference; explicitFileType = wrapper.cfbundle; includeInIndex = 0; path = AuthApplicationTests.xctest; sourceTree = BUILT_PRODUCTS_DIR; };
		EA90C37D2C32B083008E3B53 /* AuthApplicationTests.swift */ = {isa = PBXFileReference; lastKnownFileType = sourcecode.swift; path = AuthApplicationTests.swift; sourceTree = "<group>"; };
		EA90C37F2C32B083008E3B53 /* Info.plist */ = {isa = PBXFileReference; lastKnownFileType = text.plist.xml; path = Info.plist; sourceTree = "<group>"; };
		EA90C3842C32B083008E3B53 /* AuthApplicationUITests.xctest */ = {isa = PBXFileReference; explicitFileType = wrapper.cfbundle; includeInIndex = 0; path = AuthApplicationUITests.xctest; sourceTree = BUILT_PRODUCTS_DIR; };
		EA90C3882C32B083008E3B53 /* AuthApplicationUITests.swift */ = {isa = PBXFileReference; lastKnownFileType = sourcecode.swift; path = AuthApplicationUITests.swift; sourceTree = "<group>"; };
		EA90C38A2C32B083008E3B53 /* Info.plist */ = {isa = PBXFileReference; lastKnownFileType = text.plist.xml; path = Info.plist; sourceTree = "<group>"; };
		EA90C3972C32B2AD008E3B53 /* AuthScreen.swift */ = {isa = PBXFileReference; lastKnownFileType = sourcecode.swift; path = AuthScreen.swift; sourceTree = "<group>"; };
		EA90C39A2C32B2F4008E3B53 /* LoginView.swift */ = {isa = PBXFileReference; lastKnownFileType = sourcecode.swift; path = LoginView.swift; sourceTree = "<group>"; };
		EA90C39C2C32B30D008E3B53 /* SignUpView.swift */ = {isa = PBXFileReference; lastKnownFileType = sourcecode.swift; path = SignUpView.swift; sourceTree = "<group>"; };
		EA90C39E2C32B324008E3B53 /* GoogleSignInView.swift */ = {isa = PBXFileReference; lastKnownFileType = sourcecode.swift; path = GoogleSignInView.swift; sourceTree = "<group>"; };
		EA90C3A12C32B35F008E3B53 /* HomeScreen.swift */ = {isa = PBXFileReference; lastKnownFileType = sourcecode.swift; path = HomeScreen.swift; sourceTree = "<group>"; };
		EA90C3A52C32B9D0008E3B53 /* AuthScreenModel.swift */ = {isa = PBXFileReference; lastKnownFileType = sourcecode.swift; path = AuthScreenModel.swift; sourceTree = "<group>"; };
		EA90C3A72C32BA3F008E3B53 /* LoginViewModel.swift */ = {isa = PBXFileReference; lastKnownFileType = sourcecode.swift; path = LoginViewModel.swift; sourceTree = "<group>"; };
		EA90C3A92C32BAF8008E3B53 /* ScreenResetHandler.swift */ = {isa = PBXFileReference; lastKnownFileType = sourcecode.swift; path = ScreenResetHandler.swift; sourceTree = "<group>"; };
		EA90C3AB2C32BFB9008E3B53 /* SignUpViewModel.swift */ = {isa = PBXFileReference; lastKnownFileType = sourcecode.swift; path = SignUpViewModel.swift; sourceTree = "<group>"; };
		EA90C3AE2C32C13A008E3B53 /* AuthAction.swift */ = {isa = PBXFileReference; lastKnownFileType = sourcecode.swift; path = AuthAction.swift; sourceTree = "<group>"; };
		EA90C3B32C32C199008E3B53 /* AuthRequest.swift */ = {isa = PBXFileReference; lastKnownFileType = sourcecode.swift; path = AuthRequest.swift; sourceTree = "<group>"; };
		EA90C3B52C32C1CB008E3B53 /* AuthResponse.swift */ = {isa = PBXFileReference; lastKnownFileType = sourcecode.swift; path = AuthResponse.swift; sourceTree = "<group>"; };
		EA90C3B72C32C241008E3B53 /* dev.xcconfig */ = {isa = PBXFileReference; lastKnownFileType = text.xcconfig; path = dev.xcconfig; sourceTree = "<group>"; };
		EA90C3B82C32C434008E3B53 /* ErrorResponse.swift */ = {isa = PBXFileReference; lastKnownFileType = sourcecode.swift; path = ErrorResponse.swift; sourceTree = "<group>"; };
		EA90C3BF2C33E360008E3B53 /* ThirdPartyAuthRequest.swift */ = {isa = PBXFileReference; lastKnownFileType = sourcecode.swift; path = ThirdPartyAuthRequest.swift; sourceTree = "<group>"; };
		EAB74EA52C34F21700A138F7 /* EmployeeView.swift */ = {isa = PBXFileReference; lastKnownFileType = sourcecode.swift; path = EmployeeView.swift; sourceTree = "<group>"; };
		EAB74EA72C34F31C00A138F7 /* EmployeeViewModel.swift */ = {isa = PBXFileReference; lastKnownFileType = sourcecode.swift; path = EmployeeViewModel.swift; sourceTree = "<group>"; };
		EAB74EA92C34F35700A138F7 /* EmployeeResponse.swift */ = {isa = PBXFileReference; lastKnownFileType = sourcecode.swift; path = EmployeeResponse.swift; sourceTree = "<group>"; };
		EAB74EAB2C34F92E00A138F7 /* EmployeeAction.swift */ = {isa = PBXFileReference; lastKnownFileType = sourcecode.swift; path = EmployeeAction.swift; sourceTree = "<group>"; };
		EAB74EAD2C34F9CA00A138F7 /* ApiError.swift */ = {isa = PBXFileReference; lastKnownFileType = sourcecode.swift; path = ApiError.swift; sourceTree = "<group>"; };
		EAB74EAF2C34FCEE00A138F7 /* UserClaim.swift */ = {isa = PBXFileReference; lastKnownFileType = sourcecode.swift; path = UserClaim.swift; sourceTree = "<group>"; };
		EACD0E092C3446D600CD810E /* HomeScreenModel.swift */ = {isa = PBXFileReference; lastKnownFileType = sourcecode.swift; path = HomeScreenModel.swift; sourceTree = "<group>"; };
/* End PBXFileReference section */

/* Begin PBXFrameworksBuildPhase section */
		EA90C3652C32B07F008E3B53 /* Frameworks */ = {
			isa = PBXFrameworksBuildPhase;
			buildActionMask = 2147483647;
			files = (
				EA90C3BC2C33DCAF008E3B53 /* GoogleSignIn in Frameworks */,
				EA90C3BE2C33DCAF008E3B53 /* GoogleSignInSwift in Frameworks */,
			);
			runOnlyForDeploymentPostprocessing = 0;
		};
		EA90C3762C32B083008E3B53 /* Frameworks */ = {
			isa = PBXFrameworksBuildPhase;
			buildActionMask = 2147483647;
			files = (
			);
			runOnlyForDeploymentPostprocessing = 0;
		};
		EA90C3812C32B083008E3B53 /* Frameworks */ = {
			isa = PBXFrameworksBuildPhase;
			buildActionMask = 2147483647;
			files = (
			);
			runOnlyForDeploymentPostprocessing = 0;
		};
/* End PBXFrameworksBuildPhase section */

/* Begin PBXGroup section */
		EA90C35F2C32B07F008E3B53 = {
			isa = PBXGroup;
			children = (
				EA90C36A2C32B07F008E3B53 /* AuthApplication */,
				EA90C37C2C32B083008E3B53 /* AuthApplicationTests */,
				EA90C3872C32B083008E3B53 /* AuthApplicationUITests */,
				EA90C3692C32B07F008E3B53 /* Products */,
			);
			sourceTree = "<group>";
		};
		EA90C3692C32B07F008E3B53 /* Products */ = {
			isa = PBXGroup;
			children = (
				EA90C3682C32B07F008E3B53 /* AuthApplication.app */,
				EA90C3792C32B083008E3B53 /* AuthApplicationTests.xctest */,
				EA90C3842C32B083008E3B53 /* AuthApplicationUITests.xctest */,
			);
			name = Products;
			sourceTree = "<group>";
		};
		EA90C36A2C32B07F008E3B53 /* AuthApplication */ = {
			isa = PBXGroup;
			children = (
				EA90C3B02C32C164008E3B53 /* Data */,
				EA90C3AD2C32C122008E3B53 /* Action */,
				EA90C3A32C32B9A6008E3B53 /* ViewModel */,
				EA90C3962C32B238008E3B53 /* Screen */,
				EA90C36B2C32B07F008E3B53 /* AuthApplicationApp.swift */,
				EA90C36F2C32B082008E3B53 /* Assets.xcassets */,
				EA90C3742C32B082008E3B53 /* Info.plist */,
				EA90C3712C32B082008E3B53 /* Preview Content */,
				EA90C3B72C32C241008E3B53 /* dev.xcconfig */,
			);
			path = AuthApplication;
			sourceTree = "<group>";
		};
		EA90C3712C32B082008E3B53 /* Preview Content */ = {
			isa = PBXGroup;
			children = (
				EA90C3722C32B082008E3B53 /* Preview Assets.xcassets */,
			);
			path = "Preview Content";
			sourceTree = "<group>";
		};
		EA90C37C2C32B083008E3B53 /* AuthApplicationTests */ = {
			isa = PBXGroup;
			children = (
				EA90C37D2C32B083008E3B53 /* AuthApplicationTests.swift */,
				EA90C37F2C32B083008E3B53 /* Info.plist */,
			);
			path = AuthApplicationTests;
			sourceTree = "<group>";
		};
		EA90C3872C32B083008E3B53 /* AuthApplicationUITests */ = {
			isa = PBXGroup;
			children = (
				EA90C3882C32B083008E3B53 /* AuthApplicationUITests.swift */,
				EA90C38A2C32B083008E3B53 /* Info.plist */,
			);
			path = AuthApplicationUITests;
			sourceTree = "<group>";
		};
		EA90C3962C32B238008E3B53 /* Screen */ = {
			isa = PBXGroup;
			children = (
				EA90C3A02C32B34F008E3B53 /* Home */,
				EA90C3992C32B2C9008E3B53 /* Auth */,
				EA90C3A92C32BAF8008E3B53 /* ScreenResetHandler.swift */,
			);
			path = Screen;
			sourceTree = "<group>";
		};
		EA90C3992C32B2C9008E3B53 /* Auth */ = {
			isa = PBXGroup;
			children = (
				EA90C3972C32B2AD008E3B53 /* AuthScreen.swift */,
				EA90C39A2C32B2F4008E3B53 /* LoginView.swift */,
				EA90C39C2C32B30D008E3B53 /* SignUpView.swift */,
				EA90C39E2C32B324008E3B53 /* GoogleSignInView.swift */,
			);
			path = Auth;
			sourceTree = "<group>";
		};
		EA90C3A02C32B34F008E3B53 /* Home */ = {
			isa = PBXGroup;
			children = (
				EA90C3A12C32B35F008E3B53 /* HomeScreen.swift */,
				EAB74EA52C34F21700A138F7 /* EmployeeView.swift */,
			);
			path = Home;
			sourceTree = "<group>";
		};
		EA90C3A32C32B9A6008E3B53 /* ViewModel */ = {
			isa = PBXGroup;
			children = (
				EACD0E082C3446C000CD810E /* Home */,
				EA90C3A42C32B9AF008E3B53 /* Auth */,
			);
			path = ViewModel;
			sourceTree = "<group>";
		};
		EA90C3A42C32B9AF008E3B53 /* Auth */ = {
			isa = PBXGroup;
			children = (
				EA90C3A52C32B9D0008E3B53 /* AuthScreenModel.swift */,
				EA90C3A72C32BA3F008E3B53 /* LoginViewModel.swift */,
				EA90C3AB2C32BFB9008E3B53 /* SignUpViewModel.swift */,
			);
			path = Auth;
			sourceTree = "<group>";
		};
		EA90C3AD2C32C122008E3B53 /* Action */ = {
			isa = PBXGroup;
			children = (
				EA90C3AE2C32C13A008E3B53 /* AuthAction.swift */,
				EAB74EAB2C34F92E00A138F7 /* EmployeeAction.swift */,
			);
			path = Action;
			sourceTree = "<group>";
		};
		EA90C3B02C32C164008E3B53 /* Data */ = {
			isa = PBXGroup;
			children = (
				EA90C3B22C32C181008E3B53 /* response */,
				EA90C3B12C32C17B008E3B53 /* request */,
				EAB74EAD2C34F9CA00A138F7 /* ApiError.swift */,
				EAB74EAF2C34FCEE00A138F7 /* UserClaim.swift */,
			);
			path = Data;
			sourceTree = "<group>";
		};
		EA90C3B12C32C17B008E3B53 /* request */ = {
			isa = PBXGroup;
			children = (
				EA90C3B32C32C199008E3B53 /* AuthRequest.swift */,
				EA90C3BF2C33E360008E3B53 /* ThirdPartyAuthRequest.swift */,
			);
			path = request;
			sourceTree = "<group>";
		};
		EA90C3B22C32C181008E3B53 /* response */ = {
			isa = PBXGroup;
			children = (
				EA90C3B52C32C1CB008E3B53 /* AuthResponse.swift */,
				EA90C3B82C32C434008E3B53 /* ErrorResponse.swift */,
				EAB74EA92C34F35700A138F7 /* EmployeeResponse.swift */,
			);
			path = response;
			sourceTree = "<group>";
		};
		EACD0E082C3446C000CD810E /* Home */ = {
			isa = PBXGroup;
			children = (
				EACD0E092C3446D600CD810E /* HomeScreenModel.swift */,
				EAB74EA72C34F31C00A138F7 /* EmployeeViewModel.swift */,
			);
			path = Home;
			sourceTree = "<group>";
		};
/* End PBXGroup section */

/* Begin PBXNativeTarget section */
		EA90C3672C32B07F008E3B53 /* AuthApplication */ = {
			isa = PBXNativeTarget;
			buildConfigurationList = EA90C38D2C32B083008E3B53 /* Build configuration list for PBXNativeTarget "AuthApplication" */;
			buildPhases = (
				EA90C3642C32B07F008E3B53 /* Sources */,
				EA90C3652C32B07F008E3B53 /* Frameworks */,
				EA90C3662C32B07F008E3B53 /* Resources */,
			);
			buildRules = (
			);
			dependencies = (
			);
			name = AuthApplication;
			packageProductDependencies = (
				EA90C3BB2C33DCAF008E3B53 /* GoogleSignIn */,
				EA90C3BD2C33DCAF008E3B53 /* GoogleSignInSwift */,
			);
			productName = AuthApplication;
			productReference = EA90C3682C32B07F008E3B53 /* AuthApplication.app */;
			productType = "com.apple.product-type.application";
		};
		EA90C3782C32B083008E3B53 /* AuthApplicationTests */ = {
			isa = PBXNativeTarget;
			buildConfigurationList = EA90C3902C32B083008E3B53 /* Build configuration list for PBXNativeTarget "AuthApplicationTests" */;
			buildPhases = (
				EA90C3752C32B083008E3B53 /* Sources */,
				EA90C3762C32B083008E3B53 /* Frameworks */,
				EA90C3772C32B083008E3B53 /* Resources */,
			);
			buildRules = (
			);
			dependencies = (
				EA90C37B2C32B083008E3B53 /* PBXTargetDependency */,
			);
			name = AuthApplicationTests;
			productName = AuthApplicationTests;
			productReference = EA90C3792C32B083008E3B53 /* AuthApplicationTests.xctest */;
			productType = "com.apple.product-type.bundle.unit-test";
		};
		EA90C3832C32B083008E3B53 /* AuthApplicationUITests */ = {
			isa = PBXNativeTarget;
			buildConfigurationList = EA90C3932C32B083008E3B53 /* Build configuration list for PBXNativeTarget "AuthApplicationUITests" */;
			buildPhases = (
				EA90C3802C32B083008E3B53 /* Sources */,
				EA90C3812C32B083008E3B53 /* Frameworks */,
				EA90C3822C32B083008E3B53 /* Resources */,
			);
			buildRules = (
			);
			dependencies = (
				EA90C3862C32B083008E3B53 /* PBXTargetDependency */,
			);
			name = AuthApplicationUITests;
			productName = AuthApplicationUITests;
			productReference = EA90C3842C32B083008E3B53 /* AuthApplicationUITests.xctest */;
			productType = "com.apple.product-type.bundle.ui-testing";
		};
/* End PBXNativeTarget section */

/* Begin PBXProject section */
		EA90C3602C32B07F008E3B53 /* Project object */ = {
			isa = PBXProject;
			attributes = {
				LastSwiftUpdateCheck = 1250;
				LastUpgradeCheck = 1250;
				TargetAttributes = {
					EA90C3672C32B07F008E3B53 = {
						CreatedOnToolsVersion = 12.5.1;
					};
					EA90C3782C32B083008E3B53 = {
						CreatedOnToolsVersion = 12.5.1;
						TestTargetID = EA90C3672C32B07F008E3B53;
					};
					EA90C3832C32B083008E3B53 = {
						CreatedOnToolsVersion = 12.5.1;
						TestTargetID = EA90C3672C32B07F008E3B53;
					};
				};
			};
			buildConfigurationList = EA90C3632C32B07F008E3B53 /* Build configuration list for PBXProject "AuthApplication" */;
			compatibilityVersion = "Xcode 9.3";
			developmentRegion = en;
			hasScannedForEncodings = 0;
			knownRegions = (
				en,
				Base,
			);
			mainGroup = EA90C35F2C32B07F008E3B53;
			packageReferences = (
				EA90C3BA2C33DCAF008E3B53 /* XCRemoteSwiftPackageReference "GoogleSignIn-iOS" */,
			);
			productRefGroup = EA90C3692C32B07F008E3B53 /* Products */;
			projectDirPath = "";
			projectRoot = "";
			targets = (
				EA90C3672C32B07F008E3B53 /* AuthApplication */,
				EA90C3782C32B083008E3B53 /* AuthApplicationTests */,
				EA90C3832C32B083008E3B53 /* AuthApplicationUITests */,
			);
		};
/* End PBXProject section */

/* Begin PBXResourcesBuildPhase section */
		EA90C3662C32B07F008E3B53 /* Resources */ = {
			isa = PBXResourcesBuildPhase;
			buildActionMask = 2147483647;
			files = (
				EA90C3732C32B082008E3B53 /* Preview Assets.xcassets in Resources */,
				EA90C3702C32B082008E3B53 /* Assets.xcassets in Resources */,
			);
			runOnlyForDeploymentPostprocessing = 0;
		};
		EA90C3772C32B083008E3B53 /* Resources */ = {
			isa = PBXResourcesBuildPhase;
			buildActionMask = 2147483647;
			files = (
			);
			runOnlyForDeploymentPostprocessing = 0;
		};
		EA90C3822C32B083008E3B53 /* Resources */ = {
			isa = PBXResourcesBuildPhase;
			buildActionMask = 2147483647;
			files = (
			);
			runOnlyForDeploymentPostprocessing = 0;
		};
/* End PBXResourcesBuildPhase section */

/* Begin PBXSourcesBuildPhase section */
		EA90C3642C32B07F008E3B53 /* Sources */ = {
			isa = PBXSourcesBuildPhase;
			buildActionMask = 2147483647;
			files = (
				EA90C3B62C32C1CB008E3B53 /* AuthResponse.swift in Sources */,
				EA90C3C02C33E360008E3B53 /* ThirdPartyAuthRequest.swift in Sources */,
				EA90C39F2C32B324008E3B53 /* GoogleSignInView.swift in Sources */,
				EA90C39D2C32B30D008E3B53 /* SignUpView.swift in Sources */,
				EAB74EA82C34F31C00A138F7 /* EmployeeViewModel.swift in Sources */,
				EA90C3AC2C32BFB9008E3B53 /* SignUpViewModel.swift in Sources */,
				EA90C3B42C32C199008E3B53 /* AuthRequest.swift in Sources */,
				EAB74EB02C34FCEE00A138F7 /* UserClaim.swift in Sources */,
				EA90C3AF2C32C13A008E3B53 /* AuthAction.swift in Sources */,
				EA90C3A22C32B35F008E3B53 /* HomeScreen.swift in Sources */,
				EAB74EAA2C34F35700A138F7 /* EmployeeResponse.swift in Sources */,
				EA90C39B2C32B2F4008E3B53 /* LoginView.swift in Sources */,
				EA90C3A82C32BA3F008E3B53 /* LoginViewModel.swift in Sources */,
				EACD0E0A2C3446D600CD810E /* HomeScreenModel.swift in Sources */,
				EAB74EAC2C34F92E00A138F7 /* EmployeeAction.swift in Sources */,
				EAB74EAE2C34F9CA00A138F7 /* ApiError.swift in Sources */,
				EA90C3A62C32B9D0008E3B53 /* AuthScreenModel.swift in Sources */,
				EA90C3AA2C32BAF8008E3B53 /* ScreenResetHandler.swift in Sources */,
				EA90C36C2C32B07F008E3B53 /* AuthApplicationApp.swift in Sources */,
				EA90C3982C32B2AD008E3B53 /* AuthScreen.swift in Sources */,
				EAB74EA62C34F21700A138F7 /* EmployeeView.swift in Sources */,
				EA90C3B92C32C434008E3B53 /* ErrorResponse.swift in Sources */,
			);
			runOnlyForDeploymentPostprocessing = 0;
		};
		EA90C3752C32B083008E3B53 /* Sources */ = {
			isa = PBXSourcesBuildPhase;
			buildActionMask = 2147483647;
			files = (
				EA90C37E2C32B083008E3B53 /* AuthApplicationTests.swift in Sources */,
			);
			runOnlyForDeploymentPostprocessing = 0;
		};
		EA90C3802C32B083008E3B53 /* Sources */ = {
			isa = PBXSourcesBuildPhase;
			buildActionMask = 2147483647;
			files = (
				EA90C3892C32B083008E3B53 /* AuthApplicationUITests.swift in Sources */,
			);
			runOnlyForDeploymentPostprocessing = 0;
		};
/* End PBXSourcesBuildPhase section */

/* Begin PBXTargetDependency section */
		EA90C37B2C32B083008E3B53 /* PBXTargetDependency */ = {
			isa = PBXTargetDependency;
			target = EA90C3672C32B07F008E3B53 /* AuthApplication */;
			targetProxy = EA90C37A2C32B083008E3B53 /* PBXContainerItemProxy */;
		};
		EA90C3862C32B083008E3B53 /* PBXTargetDependency */ = {
			isa = PBXTargetDependency;
			target = EA90C3672C32B07F008E3B53 /* AuthApplication */;
			targetProxy = EA90C3852C32B083008E3B53 /* PBXContainerItemProxy */;
		};
/* End PBXTargetDependency section */

/* Begin XCBuildConfiguration section */
		EA90C38B2C32B083008E3B53 /* Debug */ = {
			isa = XCBuildConfiguration;
			baseConfigurationReference = EA90C3B72C32C241008E3B53 /* dev.xcconfig */;
			buildSettings = {
				ALWAYS_SEARCH_USER_PATHS = NO;
				CLANG_ANALYZER_NONNULL = YES;
				CLANG_ANALYZER_NUMBER_OBJECT_CONVERSION = YES_AGGRESSIVE;
				CLANG_CXX_LANGUAGE_STANDARD = "gnu++14";
				CLANG_CXX_LIBRARY = "libc++";
				CLANG_ENABLE_MODULES = YES;
				CLANG_ENABLE_OBJC_ARC = YES;
				CLANG_ENABLE_OBJC_WEAK = YES;
				CLANG_WARN_BLOCK_CAPTURE_AUTORELEASING = YES;
				CLANG_WARN_BOOL_CONVERSION = YES;
				CLANG_WARN_COMMA = YES;
				CLANG_WARN_CONSTANT_CONVERSION = YES;
				CLANG_WARN_DEPRECATED_OBJC_IMPLEMENTATIONS = YES;
				CLANG_WARN_DIRECT_OBJC_ISA_USAGE = YES_ERROR;
				CLANG_WARN_DOCUMENTATION_COMMENTS = YES;
				CLANG_WARN_EMPTY_BODY = YES;
				CLANG_WARN_ENUM_CONVERSION = YES;
				CLANG_WARN_INFINITE_RECURSION = YES;
				CLANG_WARN_INT_CONVERSION = YES;
				CLANG_WARN_NON_LITERAL_NULL_CONVERSION = YES;
				CLANG_WARN_OBJC_IMPLICIT_RETAIN_SELF = YES;
				CLANG_WARN_OBJC_LITERAL_CONVERSION = YES;
				CLANG_WARN_OBJC_ROOT_CLASS = YES_ERROR;
				CLANG_WARN_QUOTED_INCLUDE_IN_FRAMEWORK_HEADER = YES;
				CLANG_WARN_RANGE_LOOP_ANALYSIS = YES;
				CLANG_WARN_STRICT_PROTOTYPES = YES;
				CLANG_WARN_SUSPICIOUS_MOVE = YES;
				CLANG_WARN_UNGUARDED_AVAILABILITY = YES_AGGRESSIVE;
				CLANG_WARN_UNREACHABLE_CODE = YES;
				CLANG_WARN__DUPLICATE_METHOD_MATCH = YES;
				COPY_PHASE_STRIP = NO;
				DEBUG_INFORMATION_FORMAT = dwarf;
				ENABLE_STRICT_OBJC_MSGSEND = YES;
				ENABLE_TESTABILITY = YES;
				GCC_C_LANGUAGE_STANDARD = gnu11;
				GCC_DYNAMIC_NO_PIC = NO;
				GCC_NO_COMMON_BLOCKS = YES;
				GCC_OPTIMIZATION_LEVEL = 0;
				GCC_PREPROCESSOR_DEFINITIONS = (
					"DEBUG=1",
					"$(inherited)",
				);
				GCC_WARN_64_TO_32_BIT_CONVERSION = YES;
				GCC_WARN_ABOUT_RETURN_TYPE = YES_ERROR;
				GCC_WARN_UNDECLARED_SELECTOR = YES;
				GCC_WARN_UNINITIALIZED_AUTOS = YES_AGGRESSIVE;
				GCC_WARN_UNUSED_FUNCTION = YES;
				GCC_WARN_UNUSED_VARIABLE = YES;
				IPHONEOS_DEPLOYMENT_TARGET = 14.5;
				MTL_ENABLE_DEBUG_INFO = INCLUDE_SOURCE;
				MTL_FAST_MATH = YES;
				ONLY_ACTIVE_ARCH = YES;
				SDKROOT = iphoneos;
				SWIFT_ACTIVE_COMPILATION_CONDITIONS = DEBUG;
				SWIFT_OPTIMIZATION_LEVEL = "-Onone";
			};
			name = Debug;
		};
		EA90C38C2C32B083008E3B53 /* Release */ = {
			isa = XCBuildConfiguration;
			buildSettings = {
				ALWAYS_SEARCH_USER_PATHS = NO;
				CLANG_ANALYZER_NONNULL = YES;
				CLANG_ANALYZER_NUMBER_OBJECT_CONVERSION = YES_AGGRESSIVE;
				CLANG_CXX_LANGUAGE_STANDARD = "gnu++14";
				CLANG_CXX_LIBRARY = "libc++";
				CLANG_ENABLE_MODULES = YES;
				CLANG_ENABLE_OBJC_ARC = YES;
				CLANG_ENABLE_OBJC_WEAK = YES;
				CLANG_WARN_BLOCK_CAPTURE_AUTORELEASING = YES;
				CLANG_WARN_BOOL_CONVERSION = YES;
				CLANG_WARN_COMMA = YES;
				CLANG_WARN_CONSTANT_CONVERSION = YES;
				CLANG_WARN_DEPRECATED_OBJC_IMPLEMENTATIONS = YES;
				CLANG_WARN_DIRECT_OBJC_ISA_USAGE = YES_ERROR;
				CLANG_WARN_DOCUMENTATION_COMMENTS = YES;
				CLANG_WARN_EMPTY_BODY = YES;
				CLANG_WARN_ENUM_CONVERSION = YES;
				CLANG_WARN_INFINITE_RECURSION = YES;
				CLANG_WARN_INT_CONVERSION = YES;
				CLANG_WARN_NON_LITERAL_NULL_CONVERSION = YES;
				CLANG_WARN_OBJC_IMPLICIT_RETAIN_SELF = YES;
				CLANG_WARN_OBJC_LITERAL_CONVERSION = YES;
				CLANG_WARN_OBJC_ROOT_CLASS = YES_ERROR;
				CLANG_WARN_QUOTED_INCLUDE_IN_FRAMEWORK_HEADER = YES;
				CLANG_WARN_RANGE_LOOP_ANALYSIS = YES;
				CLANG_WARN_STRICT_PROTOTYPES = YES;
				CLANG_WARN_SUSPICIOUS_MOVE = YES;
				CLANG_WARN_UNGUARDED_AVAILABILITY = YES_AGGRESSIVE;
				CLANG_WARN_UNREACHABLE_CODE = YES;
				CLANG_WARN__DUPLICATE_METHOD_MATCH = YES;
				COPY_PHASE_STRIP = NO;
				DEBUG_INFORMATION_FORMAT = "dwarf-with-dsym";
				ENABLE_NS_ASSERTIONS = NO;
				ENABLE_STRICT_OBJC_MSGSEND = YES;
				GCC_C_LANGUAGE_STANDARD = gnu11;
				GCC_NO_COMMON_BLOCKS = YES;
				GCC_WARN_64_TO_32_BIT_CONVERSION = YES;
				GCC_WARN_ABOUT_RETURN_TYPE = YES_ERROR;
				GCC_WARN_UNDECLARED_SELECTOR = YES;
				GCC_WARN_UNINITIALIZED_AUTOS = YES_AGGRESSIVE;
				GCC_WARN_UNUSED_FUNCTION = YES;
				GCC_WARN_UNUSED_VARIABLE = YES;
				IPHONEOS_DEPLOYMENT_TARGET = 14.5;
				MTL_ENABLE_DEBUG_INFO = NO;
				MTL_FAST_MATH = YES;
				SDKROOT = iphoneos;
				SWIFT_COMPILATION_MODE = wholemodule;
				SWIFT_OPTIMIZATION_LEVEL = "-O";
				VALIDATE_PRODUCT = YES;
			};
			name = Release;
		};
		EA90C38E2C32B083008E3B53 /* Debug */ = {
			isa = XCBuildConfiguration;
			buildSettings = {
				ASSETCATALOG_COMPILER_APPICON_NAME = AppIcon;
				ASSETCATALOG_COMPILER_GLOBAL_ACCENT_COLOR_NAME = AccentColor;
				CODE_SIGN_STYLE = Automatic;
				DEVELOPMENT_ASSET_PATHS = "\"AuthApplication/Preview Content\"";
				ENABLE_PREVIEWS = YES;
				INFOPLIST_FILE = AuthApplication/Info.plist;
				IPHONEOS_DEPLOYMENT_TARGET = 14.0;
				LD_RUNPATH_SEARCH_PATHS = (
					"$(inherited)",
					"@executable_path/Frameworks",
				);
				PRODUCT_BUNDLE_IDENTIFIER = org.codewithanish.AuthApplication;
				PRODUCT_NAME = "$(TARGET_NAME)";
				SWIFT_VERSION = 5.0;
				TARGETED_DEVICE_FAMILY = "1,2";
			};
			name = Debug;
		};
		EA90C38F2C32B083008E3B53 /* Release */ = {
			isa = XCBuildConfiguration;
			buildSettings = {
				ASSETCATALOG_COMPILER_APPICON_NAME = AppIcon;
				ASSETCATALOG_COMPILER_GLOBAL_ACCENT_COLOR_NAME = AccentColor;
				CODE_SIGN_STYLE = Automatic;
				DEVELOPMENT_ASSET_PATHS = "\"AuthApplication/Preview Content\"";
				ENABLE_PREVIEWS = YES;
				INFOPLIST_FILE = AuthApplication/Info.plist;
				IPHONEOS_DEPLOYMENT_TARGET = 14.0;
				LD_RUNPATH_SEARCH_PATHS = (
					"$(inherited)",
					"@executable_path/Frameworks",
				);
				PRODUCT_BUNDLE_IDENTIFIER = org.codewithanish.AuthApplication;
				PRODUCT_NAME = "$(TARGET_NAME)";
				SWIFT_VERSION = 5.0;
				TARGETED_DEVICE_FAMILY = "1,2";
			};
			name = Release;
		};
		EA90C3912C32B083008E3B53 /* Debug */ = {
			isa = XCBuildConfiguration;
			buildSettings = {
				ALWAYS_EMBED_SWIFT_STANDARD_LIBRARIES = YES;
				BUNDLE_LOADER = "$(TEST_HOST)";
				CODE_SIGN_STYLE = Automatic;
				INFOPLIST_FILE = AuthApplicationTests/Info.plist;
				IPHONEOS_DEPLOYMENT_TARGET = 14.0;
				LD_RUNPATH_SEARCH_PATHS = (
					"$(inherited)",
					"@executable_path/Frameworks",
					"@loader_path/Frameworks",
				);
				PRODUCT_BUNDLE_IDENTIFIER = org.codewithanish.AuthApplicationTests;
				PRODUCT_NAME = "$(TARGET_NAME)";
				SWIFT_VERSION = 5.0;
				TARGETED_DEVICE_FAMILY = "1,2";
				TEST_HOST = "$(BUILT_PRODUCTS_DIR)/AuthApplication.app/AuthApplication";
			};
			name = Debug;
		};
		EA90C3922C32B083008E3B53 /* Release */ = {
			isa = XCBuildConfiguration;
			buildSettings = {
				ALWAYS_EMBED_SWIFT_STANDARD_LIBRARIES = YES;
				BUNDLE_LOADER = "$(TEST_HOST)";
				CODE_SIGN_STYLE = Automatic;
				INFOPLIST_FILE = AuthApplicationTests/Info.plist;
				IPHONEOS_DEPLOYMENT_TARGET = 14.0;
				LD_RUNPATH_SEARCH_PATHS = (
					"$(inherited)",
					"@executable_path/Frameworks",
					"@loader_path/Frameworks",
				);
				PRODUCT_BUNDLE_IDENTIFIER = org.codewithanish.AuthApplicationTests;
				PRODUCT_NAME = "$(TARGET_NAME)";
				SWIFT_VERSION = 5.0;
				TARGETED_DEVICE_FAMILY = "1,2";
				TEST_HOST = "$(BUILT_PRODUCTS_DIR)/AuthApplication.app/AuthApplication";
			};
			name = Release;
		};
		EA90C3942C32B083008E3B53 /* Debug */ = {
			isa = XCBuildConfiguration;
			buildSettings = {
				ALWAYS_EMBED_SWIFT_STANDARD_LIBRARIES = YES;
				CODE_SIGN_STYLE = Automatic;
				INFOPLIST_FILE = AuthApplicationUITests/Info.plist;
				LD_RUNPATH_SEARCH_PATHS = (
					"$(inherited)",
					"@executable_path/Frameworks",
					"@loader_path/Frameworks",
				);
				PRODUCT_BUNDLE_IDENTIFIER = org.codewithanish.AuthApplicationUITests;
				PRODUCT_NAME = "$(TARGET_NAME)";
				SWIFT_VERSION = 5.0;
				TARGETED_DEVICE_FAMILY = "1,2";
				TEST_TARGET_NAME = AuthApplication;
			};
			name = Debug;
		};
		EA90C3952C32B083008E3B53 /* Release */ = {
			isa = XCBuildConfiguration;
			buildSettings = {
				ALWAYS_EMBED_SWIFT_STANDARD_LIBRARIES = YES;
				CODE_SIGN_STYLE = Automatic;
				INFOPLIST_FILE = AuthApplicationUITests/Info.plist;
				LD_RUNPATH_SEARCH_PATHS = (
					"$(inherited)",
					"@executable_path/Frameworks",
					"@loader_path/Frameworks",
				);
				PRODUCT_BUNDLE_IDENTIFIER = org.codewithanish.AuthApplicationUITests;
				PRODUCT_NAME = "$(TARGET_NAME)";
				SWIFT_VERSION = 5.0;
				TARGETED_DEVICE_FAMILY = "1,2";
				TEST_TARGET_NAME = AuthApplication;
			};
			name = Release;
		};
/* End XCBuildConfiguration section */

/* Begin XCConfigurationList section */
		EA90C3632C32B07F008E3B53 /* Build configuration list for PBXProject "AuthApplication" */ = {
			isa = XCConfigurationList;
			buildConfigurations = (
				EA90C38B2C32B083008E3B53 /* Debug */,
				EA90C38C2C32B083008E3B53 /* Release */,
			);
			defaultConfigurationIsVisible = 0;
			defaultConfigurationName = Release;
		};
		EA90C38D2C32B083008E3B53 /* Build configuration list for PBXNativeTarget "AuthApplication" */ = {
			isa = XCConfigurationList;
			buildConfigurations = (
				EA90C38E2C32B083008E3B53 /* Debug */,
				EA90C38F2C32B083008E3B53 /* Release */,
			);
			defaultConfigurationIsVisible = 0;
			defaultConfigurationName = Release;
		};
		EA90C3902C32B083008E3B53 /* Build configuration list for PBXNativeTarget "AuthApplicationTests" */ = {
			isa = XCConfigurationList;
			buildConfigurations = (
				EA90C3912C32B083008E3B53 /* Debug */,
				EA90C3922C32B083008E3B53 /* Release */,
			);
			defaultConfigurationIsVisible = 0;
			defaultConfigurationName = Release;
		};
		EA90C3932C32B083008E3B53 /* Build configuration list for PBXNativeTarget "AuthApplicationUITests" */ = {
			isa = XCConfigurationList;
			buildConfigurations = (
				EA90C3942C32B083008E3B53 /* Debug */,
				EA90C3952C32B083008E3B53 /* Release */,
			);
			defaultConfigurationIsVisible = 0;
			defaultConfigurationName = Release;
		};
/* End XCConfigurationList section */

/* Begin XCRemoteSwiftPackageReference section */
		EA90C3BA2C33DCAF008E3B53 /* XCRemoteSwiftPackageReference "GoogleSignIn-iOS" */ = {
			isa = XCRemoteSwiftPackageReference;
			repositoryURL = "https://github.com/google/GoogleSignIn-iOS";
			requirement = {
				kind = exactVersion;
				version = 7.0.0;
			};
		};
/* End XCRemoteSwiftPackageReference section */

/* Begin XCSwiftPackageProductDependency section */
		EA90C3BB2C33DCAF008E3B53 /* GoogleSignIn */ = {
			isa = XCSwiftPackageProductDependency;
			package = EA90C3BA2C33DCAF008E3B53 /* XCRemoteSwiftPackageReference "GoogleSignIn-iOS" */;
			productName = GoogleSignIn;
		};
		EA90C3BD2C33DCAF008E3B53 /* GoogleSignInSwift */ = {
			isa = XCSwiftPackageProductDependency;
			package = EA90C3BA2C33DCAF008E3B53 /* XCRemoteSwiftPackageReference "GoogleSignIn-iOS" */;
			productName = GoogleSignInSwift;
		};
/* End XCSwiftPackageProductDependency section */
	};
	rootObject = EA90C3602C32B07F008E3B53 /* Project object */;
}
